{
    "_meta": {
        "hash": {
            "sha256": "3b5069c5a27001694dec17e78d0976bdb9ea0be4d0beef6c97e2b8aa6e935a48"
        },
        "pipfile-spec": 6,
        "requires": {
            "python_version": "3.7"
        },
        "sources": [
            {
                "name": "pypi",
                "url": "https://pypi.org/simple",
                "verify_ssl": true
            }
        ]
    },
    "default": {
        "bcrypt": {
            "hashes": [
                "sha256:0258f143f3de96b7c14f762c770f5fc56ccd72f8a1857a451c1cd9a655d9ac89",
                "sha256:0b0069c752ec14172c5f78208f1863d7ad6755a6fae6fe76ec2c80d13be41e42",
                "sha256:19a4b72a6ae5bb467fea018b825f0a7d917789bcfe893e53f15c92805d187294",
                "sha256:5432dd7b34107ae8ed6c10a71b4397f1c853bd39a4d6ffa7e35f40584cffd161",
                "sha256:6305557019906466fc42dbc53b46da004e72fd7a551c044a827e572c82191752",
                "sha256:69361315039878c0680be456640f8705d76cb4a3a3fe1e057e0f261b74be4b31",
                "sha256:6fe49a60b25b584e2f4ef175b29d3a83ba63b3a4df1b4c0605b826668d1b6be5",
                "sha256:74a015102e877d0ccd02cdeaa18b32aa7273746914a6c5d0456dd442cb65b99c",
                "sha256:763669a367869786bb4c8fcf731f4175775a5b43f070f50f46f0b59da45375d0",
                "sha256:8b10acde4e1919d6015e1df86d4c217d3b5b01bb7744c36113ea43d529e1c3de",
                "sha256:9fe92406c857409b70a38729dbdf6578caf9228de0aef5bc44f859ffe971a39e",
                "sha256:a190f2a5dbbdbff4b74e3103cef44344bc30e61255beb27310e2aec407766052",
                "sha256:a595c12c618119255c90deb4b046e1ca3bcfad64667c43d1166f2b04bc72db09",
                "sha256:c9457fa5c121e94a58d6505cadca8bed1c64444b83b3204928a866ca2e599105",
                "sha256:cb93f6b2ab0f6853550b74e051d297c27a638719753eb9ff66d1e4072be67133",
                "sha256:ce4e4f0deb51d38b1611a27f330426154f2980e66582dc5f438aad38b5f24fc1",
                "sha256:d7bdc26475679dd073ba0ed2766445bb5b20ca4793ca0db32b399dccc6bc84b7",
                "sha256:ff032765bb8716d9387fd5376d987a937254b0619eff0972779515b5c98820bc"
            ],
            "version": "==3.1.7"
        },
        "cached-property": {
            "hashes": [
                "sha256:3a026f1a54135677e7da5ce819b0c690f156f37976f3e30c5430740725203d7f",
                "sha256:9217a59f14a5682da7c4b8829deadbfc194ac22e9908ccf7c8820234e80a1504"
            ],
            "version": "==1.5.1"
        },
        "certifi": {
            "hashes": [
                "sha256:1d987a998c75633c40847cc966fcf5904906c920a7f17ef374f5aa4282abd304",
                "sha256:51fcb31174be6e6664c5f69e3e1691a2d72a1a12e90f872cbdb1567eb47b6519"
            ],
            "version": "==2020.4.5.1"
        },
        "cffi": {
            "hashes": [
                "sha256:001bf3242a1bb04d985d63e138230802c6c8d4db3668fb545fb5005ddf5bb5ff",
                "sha256:00789914be39dffba161cfc5be31b55775de5ba2235fe49aa28c148236c4e06b",
                "sha256:028a579fc9aed3af38f4892bdcc7390508adabc30c6af4a6e4f611b0c680e6ac",
                "sha256:14491a910663bf9f13ddf2bc8f60562d6bc5315c1f09c704937ef17293fb85b0",
                "sha256:1cae98a7054b5c9391eb3249b86e0e99ab1e02bb0cc0575da191aedadbdf4384",
                "sha256:2089ed025da3919d2e75a4d963d008330c96751127dd6f73c8dc0c65041b4c26",
                "sha256:2d384f4a127a15ba701207f7639d94106693b6cd64173d6c8988e2c25f3ac2b6",
                "sha256:337d448e5a725bba2d8293c48d9353fc68d0e9e4088d62a9571def317797522b",
                "sha256:399aed636c7d3749bbed55bc907c3288cb43c65c4389964ad5ff849b6370603e",
                "sha256:3b911c2dbd4f423b4c4fcca138cadde747abdb20d196c4a48708b8a2d32b16dd",
                "sha256:3d311bcc4a41408cf5854f06ef2c5cab88f9fded37a3b95936c9879c1640d4c2",
                "sha256:62ae9af2d069ea2698bf536dcfe1e4eed9090211dbaafeeedf5cb6c41b352f66",
                "sha256:66e41db66b47d0d8672d8ed2708ba91b2f2524ece3dee48b5dfb36be8c2f21dc",
                "sha256:675686925a9fb403edba0114db74e741d8181683dcf216be697d208857e04ca8",
                "sha256:7e63cbcf2429a8dbfe48dcc2322d5f2220b77b2e17b7ba023d6166d84655da55",
                "sha256:8a6c688fefb4e1cd56feb6c511984a6c4f7ec7d2a1ff31a10254f3c817054ae4",
                "sha256:8c0ffc886aea5df6a1762d0019e9cb05f825d0eec1f520c51be9d198701daee5",
                "sha256:95cd16d3dee553f882540c1ffe331d085c9e629499ceadfbda4d4fde635f4b7d",
                "sha256:99f748a7e71ff382613b4e1acc0ac83bf7ad167fb3802e35e90d9763daba4d78",
                "sha256:b8c78301cefcf5fd914aad35d3c04c2b21ce8629b5e4f4e45ae6812e461910fa",
                "sha256:c420917b188a5582a56d8b93bdd8e0f6eca08c84ff623a4c16e809152cd35793",
                "sha256:c43866529f2f06fe0edc6246eb4faa34f03fe88b64a0a9a942561c8e22f4b71f",
                "sha256:cab50b8c2250b46fe738c77dbd25ce017d5e6fb35d3407606e7a4180656a5a6a",
                "sha256:cef128cb4d5e0b3493f058f10ce32365972c554572ff821e175dbc6f8ff6924f",
                "sha256:cf16e3cf6c0a5fdd9bc10c21687e19d29ad1fe863372b5543deaec1039581a30",
                "sha256:e56c744aa6ff427a607763346e4170629caf7e48ead6921745986db3692f987f",
                "sha256:e577934fc5f8779c554639376beeaa5657d54349096ef24abe8c74c5d9c117c3",
                "sha256:f2b0fa0c01d8a0c7483afd9f31d7ecf2d71760ca24499c8697aeb5ca37dc090c"
            ],
            "version": "==1.14.0"
        },
        "chardet": {
            "hashes": [
                "sha256:84ab92ed1c4d4f16916e05906b6b75a6c0fb5db821cc65e70cbd64a3e2a5eaae",
                "sha256:fc323ffcaeaed0e0a02bf4d117757b98aed530d9ed4531e3e15460124c106691"
            ],
            "version": "==3.0.4"
        },
        "cryptography": {
            "hashes": [
                "sha256:091d31c42f444c6f519485ed528d8b451d1a0c7bf30e8ca583a0cac44b8a0df6",
                "sha256:18452582a3c85b96014b45686af264563e3e5d99d226589f057ace56196ec78b",
                "sha256:1dfa985f62b137909496e7fc182dac687206d8d089dd03eaeb28ae16eec8e7d5",
                "sha256:1e4014639d3d73fbc5ceff206049c5a9a849cefd106a49fa7aaaa25cc0ce35cf",
                "sha256:22e91636a51170df0ae4dcbd250d318fd28c9f491c4e50b625a49964b24fe46e",
                "sha256:3b3eba865ea2754738616f87292b7f29448aec342a7c720956f8083d252bf28b",
                "sha256:651448cd2e3a6bc2bb76c3663785133c40d5e1a8c1a9c5429e4354201c6024ae",
                "sha256:726086c17f94747cedbee6efa77e99ae170caebeb1116353c6cf0ab67ea6829b",
                "sha256:844a76bc04472e5135b909da6aed84360f522ff5dfa47f93e3dd2a0b84a89fa0",
                "sha256:88c881dd5a147e08d1bdcf2315c04972381d026cdb803325c03fe2b4a8ed858b",
                "sha256:96c080ae7118c10fcbe6229ab43eb8b090fccd31a09ef55f83f690d1ef619a1d",
                "sha256:a0c30272fb4ddda5f5ffc1089d7405b7a71b0b0f51993cb4e5dbb4590b2fc229",
                "sha256:bb1f0281887d89617b4c68e8db9a2c42b9efebf2702a3c5bf70599421a8623e3",
                "sha256:c447cf087cf2dbddc1add6987bbe2f767ed5317adb2d08af940db517dd704365",
                "sha256:c4fd17d92e9d55b84707f4fd09992081ba872d1a0c610c109c18e062e06a2e55",
                "sha256:d0d5aeaedd29be304848f1c5059074a740fa9f6f26b84c5b63e8b29e73dfc270",
                "sha256:daf54a4b07d67ad437ff239c8a4080cfd1cc7213df57d33c97de7b4738048d5e",
                "sha256:e993468c859d084d5579e2ebee101de8f5a27ce8e2159959b6673b418fd8c785",
                "sha256:f118a95c7480f5be0df8afeb9a11bd199aa20afab7a96bcf20409b411a3a85f0"
            ],
            "version": "==2.9.2"
        },
        "django": {
            "hashes": [
                "sha256:84f370f6acedbe1f3c41e1a02de44ac206efda3355e427139ecb785b5f596d80",
                "sha256:e8fe3c2b2212dce6126becab7a693157f1a441a07b62ec994c046c76af5bb66d"
            ],
            "index": "pypi",
            "version": "==2.2.13"
        },
        "django-redis": {
            "hashes": [
                "sha256:af0b393864e91228dd30d8c85b5c44d670b5524cb161b7f9e41acc98b6e5ace7",
                "sha256:f46115577063d00a890867c6964ba096057f07cb756e78e0503b89cd18e4e083"
            ],
            "index": "pypi",
            "version": "==4.10.0"
        },
        "django-sass-processor": {
            "hashes": [
                "sha256:5ba3568e53caf1d59573afa75d71e42c23bddbd5b48cbea831816cd72ed242f9"
            ],
            "index": "pypi",
            "version": "==0.7.3"
        },
        "docker": {
            "extras": [
                "ssh"
            ],
            "hashes": [
                "sha256:2434b396e616a5ef682fbf80e04839a59e8b81880ece5662c33dff34b8863519",
                "sha256:a062a9f82dff025f79c2097c46f49f143f8898274db7e66041f78cafee66b962"
            ],
            "version": "==3.7.3"
        },
        "docker-compose": {
            "hashes": [
                "sha256:5582a51827676f5243473310e911503e1016bbdf3be1b89dcb4201f42b5fa369",
                "sha256:7c630f8cfdcea45fd44f7c2f3971afb99b11b5e1df214b5ed270086aab82fc80"
            ],
            "index": "pypi",
            "version": "==1.24.0"
        },
        "docker-pycreds": {
            "hashes": [
                "sha256:6ce3270bcaf404cc4c3e27e4b6c70d3521deae82fb508767870fdbf772d584d4",
                "sha256:7266112468627868005106ec19cd0d722702d2b7d5912a28e19b826c3d37af49"
            ],
            "version": "==0.4.0"
        },
        "dockerpty": {
            "hashes": [
                "sha256:69a9d69d573a0daa31bcd1c0774eeed5c15c295fe719c61aca550ed1393156ce"
            ],
            "version": "==0.4.1"
        },
        "docopt": {
            "hashes": [
                "sha256:49b3a825280bd66b3aa83585ef59c4a8c82f2c8a522dbe754a8bc8d08c85c491"
            ],
            "version": "==0.6.2"
        },
        "idna": {
            "hashes": [
                "sha256:156a6814fb5ac1fc6850fb002e0852d56c0c8d2531923a51032d1b70760e186e",
                "sha256:684a38a6f903c1d71d6d5fac066b58d7768af4de2b832e426ec79c30daa94a16"
            ],
            "version": "==2.7"
        },
        "jsonschema": {
            "hashes": [
                "sha256:000e68abd33c972a5248544925a0cae7d1125f9bf6c58280d37546b946769a08",
                "sha256:6ff5f3180870836cae40f06fa10419f557208175f13ad7bc26caa77beb1f6e02"
            ],
            "version": "==2.6.0"
        },
        "libsass": {
            "hashes": [
                "sha256:2ae3b061a7d250fb47e5fdad1a8191600ca15dc604e76b109b6d3bf8e08fd2ed",
                "sha256:2ee186aa682a035a53c557b7e61ce562a1114f1a1a992d0ba962cbc3e82c490c",
                "sha256:366f4fd5a5eab4a519beb583e9fa78718cf2c0f40e92ed835d7ed23b82e5d954",
                "sha256:5511b3c62e8d97daf929c63bd516b794f0a06acd09dd261445d864e48290551b",
                "sha256:7462da168c8fb997b31cb4dc3ee5adb9af2d106f7b92c2d57a1c68a56ae5a3a0",
                "sha256:84a16ec5cf7842ff5bc2caed2c032ed624d587699797bc2a4d4a8e41f579b6e7",
                "sha256:8fc0360ee99224f7a3cb09987e641171d34180759f467ba3d15934102ade396f",
                "sha256:a6c5535a21a07d769151453270bc6a8373b821d1d2fd9810d84fccfe315ab188",
                "sha256:b375bfbf3c86ec0f4a27f266b44b2753a4b8cab7e73649eed7afcad84bc56257",
                "sha256:b548af46c1a606aed93da2566901146005d6065f73fefc63d256ba62ba1f803d",
                "sha256:bb30fc7125350c64925a98cb90da7979f76bb0ea1a0157e8aeb268f8da38e296",
                "sha256:c2f386677514f9fc758631328bd318dd3e9d839ad7b6e248ec4535a191bfd271",
                "sha256:d1f301637ad5768aecc81d17dcf40a68f2e11b7ca8b427dbb9f8972c150d303e",
                "sha256:e0cf54dddf2cc6e373005bed6e46ccdce1f3a77bd169ab505c3a8ad9023eee5f",
                "sha256:e8941881063691d50f9cc8b8d6d8fd7bec86a8c461b2a4fc87188a5fc44d6ba4",
                "sha256:f4b29b0c70d753c754a58aaad7c31ad3309ca4a26f9aa64e695157251f6832ad"
            ],
            "index": "pypi",
            "version": "==0.18.0"
        },
        "numpy": {
            "hashes": [
                "sha256:0172304e7d8d40e9e49553901903dc5f5a49a703363ed756796f5808a06fc233",
                "sha256:34e96e9dae65c4839bd80012023aadd6ee2ccb73ce7fdf3074c62f301e63120b",
                "sha256:3676abe3d621fc467c4c1469ee11e395c82b2d6b5463a9454e37fe9da07cd0d7",
                "sha256:3dd6823d3e04b5f223e3e265b4a1eae15f104f4366edd409e5a5e413a98f911f",
                "sha256:4064f53d4cce69e9ac613256dc2162e56f20a4e2d2086b1956dd2fcf77b7fac5",
                "sha256:4674f7d27a6c1c52a4d1aa5f0881f1eff840d2206989bae6acb1c7668c02ebfb",
                "sha256:7d42ab8cedd175b5ebcb39b5208b25ba104842489ed59fbb29356f671ac93583",
                "sha256:965df25449305092b23d5145b9bdaeb0149b6e41a77a7d728b1644b3c99277c1",
                "sha256:9c9d6531bc1886454f44aa8f809268bc481295cf9740827254f53c30104f074a",
                "sha256:a78e438db8ec26d5d9d0e584b27ef25c7afa5a182d1bf4d05e313d2d6d515271",
                "sha256:a7acefddf994af1aeba05bbbafe4ba983a187079f125146dc5859e6d817df824",
                "sha256:a87f59508c2b7ceb8631c20630118cc546f1f815e034193dc72390db038a5cb3",
                "sha256:ac792b385d81151bae2a5a8adb2b88261ceb4976dbfaaad9ce3a200e036753dc",
                "sha256:b03b2c0badeb606d1232e5f78852c102c0a7989d3a534b3129e7856a52f3d161",
                "sha256:b39321f1a74d1f9183bf1638a745b4fd6fe80efbb1f6b32b932a588b4bc7695f",
                "sha256:cae14a01a159b1ed91a324722d746523ec757357260c6804d11d6147a9e53e3f",
                "sha256:cd49930af1d1e49a812d987c2620ee63965b619257bd76eaaa95870ca08837cf",
                "sha256:e15b382603c58f24265c9c931c9a45eebf44fe2e6b4eaedbb0d025ab3255228b",
                "sha256:e91d31b34fc7c2c8f756b4e902f901f856ae53a93399368d9a0dc7be17ed2ca0",
                "sha256:ef627986941b5edd1ed74ba89ca43196ed197f1a206a3f18cc9faf2fb84fd675",
                "sha256:f718a7949d1c4f622ff548c572e0c03440b49b9531ff00e4ed5738b459f011e8"
            ],
            "version": "==1.18.5"
        },
        "pandas": {
            "hashes": [
                "sha256:071e42b89b57baa17031af8c6b6bbd2e9a5c68c595bc6bf9adabd7a9ed125d3b",
                "sha256:17450e25ae69e2e6b303817bdf26b2cd57f69595d8550a77c308be0cd0fd58fa",
                "sha256:17916d818592c9ec891cbef2e90f98cc85e0f1e89ed0924c9b5220dc3209c846",
                "sha256:2538f099ab0e9f9c9d09bbcd94b47fd889bad06dc7ae96b1ed583f1dc1a7a822",
                "sha256:366f30710172cb45a6b4f43b66c220653b1ea50303fbbd94e50571637ffb9167",
                "sha256:42e5ad741a0d09232efbc7fc648226ed93306551772fc8aecc6dce9f0e676794",
                "sha256:4e718e7f395ba5bfe8b6f6aaf2ff1c65a09bb77a36af6394621434e7cc813204",
                "sha256:4f919f409c433577a501e023943e582c57355d50a724c589e78bc1d551a535a2",
                "sha256:4fe0d7e6438212e839fc5010c78b822664f1a824c0d263fd858f44131d9166e2",
                "sha256:5149a6db3e74f23dc3f5a216c2c9ae2e12920aa2d4a5b77e44e5b804a5f93248",
                "sha256:627594338d6dd995cfc0bacd8e654cd9e1252d2a7c959449228df6740d737eb8",
                "sha256:83c702615052f2a0a7fb1dd289726e29ec87a27272d775cb77affe749cca28f8",
                "sha256:8c872f7fdf3018b7891e1e3e86c55b190e6c5cee70cab771e8f246c855001296",
                "sha256:90f116086063934afd51e61a802a943826d2aac572b2f7d55caaac51c13db5b5",
                "sha256:a3352bacac12e1fc646213b998bce586f965c9d431773d9e91db27c7c48a1f7d",
                "sha256:bcdd06007cca02d51350f96debe51331dec429ac8f93930a43eb8fb5639e3eb5",
                "sha256:c1bd07ebc15285535f61ddd8c0c75d0d6293e80e1ee6d9a8d73f3f36954342d0",
                "sha256:c9a4b7c55115eb278c19aa14b34fcf5920c8fe7797a09b7b053ddd6195ea89b3",
                "sha256:cc8fc0c7a8d5951dc738f1c1447f71c43734244453616f32b8aa0ef6013a5dfb",
                "sha256:d7b460bc316064540ce0c41c1438c416a40746fd8a4fb2999668bf18f3c4acf1"
            ],
            "index": "pypi",
            "version": "==0.24.2"
        },
        "paramiko": {
            "hashes": [
                "sha256:920492895db8013f6cc0179293147f830b8c7b21fdfc839b6bad760c27459d9f",
                "sha256:9c980875fa4d2cb751604664e9a2d0f69096643f5be4db1b99599fe114a97b2f"
            ],
            "version": "==2.7.1"
        },
        "psycopg2-binary": {
            "hashes": [
                "sha256:19a2d1f3567b30f6c2bb3baea23f74f69d51f0c06c2e2082d0d9c28b0733a4c2",
                "sha256:2b69cf4b0fa2716fd977aa4e1fd39af6110eb47b2bb30b4e5a469d8fbecfc102",
                "sha256:2e952fa17ba48cbc2dc063ddeec37d7dc4ea0ef7db0ac1eda8906365a8543f31",
                "sha256:348b49dd737ff74cfb5e663e18cb069b44c64f77ec0523b5794efafbfa7df0b8",
                "sha256:3d72a5fdc5f00ca85160915eb9a973cf9a0ab8148f6eda40708bf672c55ac1d1",
                "sha256:4957452f7868f43f32c090dadb4188e9c74a4687323c87a882e943c2bd4780c3",
                "sha256:5138cec2ee1e53a671e11cc519505eb08aaaaf390c508f25b09605763d48de4b",
                "sha256:587098ca4fc46c95736459d171102336af12f0d415b3b865972a79c03f06259f",
                "sha256:5b79368bcdb1da4a05f931b62760bea0955ee2c81531d8e84625df2defd3f709",
                "sha256:5cf43807392247d9bc99737160da32d3fa619e0bfd85ba24d1c78db205f472a4",
                "sha256:676d1a80b1eebc0cacae8dd09b2fde24213173bf65650d22b038c5ed4039f392",
                "sha256:6b0211ecda389101a7d1d3df2eba0cf7ffbdd2480ca6f1d2257c7bd739e84110",
                "sha256:79cde4660de6f0bb523c229763bd8ad9a93ac6760b72c369cf1213955c430934",
                "sha256:7aba9786ac32c2a6d5fb446002ed936b47d5e1f10c466ef7e48f66eb9f9ebe3b",
                "sha256:7c8159352244e11bdd422226aa17651110b600d175220c451a9acf795e7414e0",
                "sha256:945f2eedf4fc6b2432697eb90bb98cc467de5147869e57405bfc31fa0b824741",
                "sha256:96b4e902cde37a7fc6ab306b3ac089a3949e6ce3d824eeca5b19dc0bedb9f6e2",
                "sha256:9a7bccb1212e63f309eb9fab47b6eaef796f59850f169a25695b248ca1bf681b",
                "sha256:a3bfcac727538ec11af304b5eccadbac952d4cca1a551a29b8fe554e3ad535dc",
                "sha256:b19e9f1b85c5d6136f5a0549abdc55dcbd63aba18b4f10d0d063eb65ef2c68b4",
                "sha256:b664011bb14ca1f2287c17185e222f2098f7b4c857961dbcf9badb28786dbbf4",
                "sha256:bde7959ef012b628868d69c474ec4920252656d0800835ed999ba5e4f57e3e2e",
                "sha256:cb095a0657d792c8de9f7c9a0452385a309dfb1bbbb3357d6b1e216353ade6ca",
                "sha256:d16d42a1b9772152c1fe606f679b2316551f7e1a1ce273e7f808e82a136cdb3d",
                "sha256:d444b1545430ffc1e7a24ce5a9be122ccd3b135a7b7e695c5862c5aff0b11159",
                "sha256:d93ccc7bf409ec0a23f2ac70977507e0b8a8d8c54e5ee46109af2f0ec9e411f3",
                "sha256:df6444f952ca849016902662e1a47abf4fa0678d75f92fd9dd27f20525f809cd",
                "sha256:e63850d8c52ba2b502662bf3c02603175c2397a9acc756090e444ce49508d41e",
                "sha256:ec43358c105794bc2b6fd34c68d27f92bea7102393c01889e93f4b6a70975728",
                "sha256:f4c6926d9c03dadce7a3b378b40d2fea912c1344ef9b29869f984fb3d2a2420b"
            ],
            "index": "pypi",
            "version": "==2.7.7"
        },
        "pycparser": {
            "hashes": [
                "sha256:2d475327684562c3a96cc71adf7dc8c4f0565175cf86b6d7a404ff4c771f15f0",
                "sha256:7582ad22678f0fcd81102833f60ef8d0e57288b6b5fb00323d101be910e35705"
            ],
            "version": "==2.20"
        },
        "pynacl": {
            "hashes": [
                "sha256:06cbb4d9b2c4bd3c8dc0d267416aaed79906e7b33f114ddbf0911969794b1cc4",
                "sha256:11335f09060af52c97137d4ac54285bcb7df0cef29014a1a4efe64ac065434c4",
                "sha256:2fe0fc5a2480361dcaf4e6e7cea00e078fcda07ba45f811b167e3f99e8cff574",
                "sha256:30f9b96db44e09b3304f9ea95079b1b7316b2b4f3744fe3aaecccd95d547063d",
                "sha256:511d269ee845037b95c9781aa702f90ccc36036f95d0f31373a6a79bd8242e25",
                "sha256:537a7ccbea22905a0ab36ea58577b39d1fa9b1884869d173b5cf111f006f689f",
                "sha256:54e9a2c849c742006516ad56a88f5c74bf2ce92c9f67435187c3c5953b346505",
                "sha256:757250ddb3bff1eecd7e41e65f7f833a8405fede0194319f87899690624f2122",
                "sha256:7757ae33dae81c300487591c68790dfb5145c7d03324000433d9a2c141f82af7",
                "sha256:7c6092102219f59ff29788860ccb021e80fffd953920c4a8653889c029b2d420",
                "sha256:8122ba5f2a2169ca5da936b2e5a511740ffb73979381b4229d9188f6dcb22f1f",
                "sha256:9c4a7ea4fb81536c1b1f5cc44d54a296f96ae78c1ebd2311bd0b60be45a48d96",
                "sha256:cd401ccbc2a249a47a3a1724c2918fcd04be1f7b54eb2a5a71ff915db0ac51c6",
                "sha256:d452a6746f0a7e11121e64625109bc4468fc3100452817001dbe018bb8b08514",
                "sha256:ea6841bc3a76fa4942ce00f3bda7d436fda21e2d91602b9e21b7ca9ecab8f3ff",
                "sha256:f8851ab9041756003119368c1e6cd0b9c631f46d686b3904b18c0139f4419f80"
            ],
            "version": "==1.4.0"
        },
        "python-dateutil": {
            "hashes": [
                "sha256:73ebfe9dbf22e832286dafa60473e4cd239f8592f699aa5adaf10050e6e1823c",
                "sha256:75bb3f31ea686f1197762692a9ee6a7550b59fc6ca3a1f4b5d7e32fb98e2da2a"
            ],
            "version": "==2.8.1"
        },
        "pytz": {
            "hashes": [
                "sha256:a494d53b6d39c3c6e44c3bec237336e14305e4f29bbf800b599253057fbb79ed",
                "sha256:c35965d010ce31b23eeb663ed3cc8c906275d6be1a34393a1d73a41febf4a048"
            ],
            "version": "==2020.1"
        },
        "pyyaml": {
            "hashes": [
                "sha256:3d7da3009c0f3e783b2c873687652d83b1bbfd5c88e9813fb7e5b03c0dd3108b",
                "sha256:3ef3092145e9b70e3ddd2c7ad59bdd0252a94dfe3949721633e41344de00a6bf",
                "sha256:40c71b8e076d0550b2e6380bada1f1cd1017b882f7e16f09a65be98e017f211a",
                "sha256:558dd60b890ba8fd982e05941927a3911dc409a63dcb8b634feaa0cda69330d3",
                "sha256:a7c28b45d9f99102fa092bb213aa12e0aaf9a6a1f5e395d36166639c1f96c3a1",
                "sha256:aa7dd4a6a427aed7df6fb7f08a580d68d9b118d90310374716ae90b710280af1",
                "sha256:bc558586e6045763782014934bfaf39d48b8ae85a2713117d16c39864085c613",
                "sha256:d46d7982b62e0729ad0175a9bc7e10a566fc07b224d2c79fafb5e032727eaa04",
                "sha256:d5eef459e30b09f5a098b9cea68bebfeb268697f78d647bd255a085371ac7f3f",
                "sha256:e01d3203230e1786cd91ccfdc8f8454c8069c91bee3962ad93b87a4b2860f537",
                "sha256:e170a9e6fcfd19021dd29845af83bb79236068bf5fd4df3327c1be18182b2531"
            ],
            "version": "==3.13"
        },
        "redis": {
            "hashes": [
                "sha256:0e7e0cfca8660dea8b7d5cd8c4f6c5e29e11f31158c0b0ae91a397f00e5a05a2",
                "sha256:432b788c4530cfe16d8d943a09d40ca6c16149727e4afe8c2c9d5580c59d9f24"
            ],
            "version": "==3.5.3"
        },
        "requests": {
            "hashes": [
                "sha256:65b3a120e4329e33c9889db89c80976c5272f56ea92d3e74da8a463992e3ff54",
                "sha256:ea881206e59f41dbd0bd445437d792e43906703fff75ca8ff43ccdb11f33f263"
            ],
            "version": "==2.20.1"
        },
        "six": {
            "hashes": [
                "sha256:30639c035cdb23534cd4aa2dd52c3bf48f06e5f4a941509c8bafd8ce11080259",
                "sha256:8b74bedcbbbaca38ff6d7491d76f2b06b3592611af620f8426e82dddb04a5ced"
            ],
            "version": "==1.15.0"
        },
        "sqlalchemy": {
            "hashes": [
                "sha256:d5432832f91d200c3d8b473a266d59442d825f9ea744c467e68c5d9a9479fbce"
            ],
            "index": "pypi",
            "version": "==1.3.2"
        },
        "sqlparse": {
            "hashes": [
                "sha256:022fb9c87b524d1f7862b3037e541f68597a730a8843245c349fc93e1643dc4e",
                "sha256:e162203737712307dfe78860cc56c8da8a852ab2ee33750e33aeadf38d12c548"
            ],
            "version": "==0.3.1"
        },
        "texttable": {
            "hashes": [
                "sha256:119041773ff03596b56392532f9315cb3a3116e404fd6f36e76a7dc088d95c79"
            ],
            "version": "==0.9.1"
        },
        "urllib3": {
            "hashes": [
                "sha256:2393a695cd12afedd0dcb26fe5d50d0cf248e5a66f75dbd89a3d4eb333a61af4",
                "sha256:a637e5fae88995b256e3409dc4d52c2e2e0ba32c42a6365fee8bbd2238de3cfb"
            ],
            "version": "==1.24.3"
        },
        "websocket-client": {
            "hashes": [
                "sha256:0fc45c961324d79c781bab301359d5a1b00b13ad1b10415a4780229ef71a5549",
                "sha256:d735b91d6d1692a6a181f2a8c9e0238e5f6373356f561bb9dc4c7af36f452010"
            ],
            "version": "==0.57.0"
        }
    },
    "develop": {}
}
